
Microsoft Visual Studio Solution File, Format Version 12.00
Project("{FAE04EC0-301F-11D3-BF4B-00C04F79EFBC}") = "AvaloniaTestColorPicker", "AvaloniaTestColorPicker\AvaloniaTestColorPicker\AvaloniaTestColorPicker.csproj", "{DB83F4DA-966A-4151-89C8-987EB38B0BC7}"
EndProject
Project("{FAE04EC0-301F-11D3-BF4B-00C04F79EFBC}") = "AvaloniaTestColorPicker.Desktop", "AvaloniaTestColorPicker\AvaloniaTestColorPicker.Desktop\AvaloniaTestColorPicker.Desktop.csproj", "{974BFBE8-E3A6-4CC0-B84A-9A0EDFC62A75}"
EndProject
Global
	GlobalSection(SolutionConfigurationPlatforms) = preSolution
		Debug|Any CPU = Debug|Any CPU
		Release|Any CPU = Release|Any CPU
	EndGlobalSection
	GlobalSection(ProjectConfigurationPlatforms) = postSolution
		{DB83F4DA-966A-4151-89C8-987EB38B0BC7}.Debug|Any CPU.ActiveCfg = Debug|Any CPU
		{DB83F4DA-966A-4151-89C8-987EB38B0BC7}.Debug|Any CPU.Build.0 = Debug|Any CPU
		{DB83F4DA-966A-4151-89C8-987EB38B0BC7}.Release|Any CPU.ActiveCfg = Release|Any CPU
		{DB83F4DA-966A-4151-89C8-987EB38B0BC7}.Release|Any CPU.Build.0 = Release|Any CPU
		{974BFBE8-E3A6-4CC0-B84A-9A0EDFC62A75}.Debug|Any CPU.ActiveCfg = Debug|Any CPU
		{974BFBE8-E3A6-4CC0-B84A-9A0EDFC62A75}.Debug|Any CPU.Build.0 = Debug|Any CPU
		{974BFBE8-E3A6-4CC0-B84A-9A0EDFC62A75}.Release|Any CPU.ActiveCfg = Release|Any CPU
		{974BFBE8-E3A6-4CC0-B84A-9A0EDFC62A75}.Release|Any CPU.Build.0 = Release|Any CPU
	EndGlobalSection
EndGlobal
